github.com/gorilla/websocket v1.5.3 h1:saDtZ6Pbx/0u+bgYQ3q96pZgCzfhKXGPqt7kZ72aNNg=
github.com/gorilla/websocket v1.5.3/go.mod h1:YR8l580nyteQvAITg2hZ9XVh4b55+EU/adAjf1fMHhE=
github.com/hidez8891/shm v0.0.0-20200313135933-0ec4df5f28c7 h1:JSo+KvSidJkj/WUE0eVBnGQ9zp4ySfUOzFMAJJMPMUw=
github.com/hidez8891/shm v0.0.0-20200313135933-0ec4df5f28c7/go.mod h1:7TJzIHJx3AjYCmJzoUdJ9n1pVISMw9F4wF2+V0mq288=
github.com/riccardotornesello/irsdk-go v0.0.0-20240806083958-9804d5206d8d h1:N22WUdA8HTKooIaiOiq6JGSSFkZ4GDnJnp9x8hOViWE=
github.com/riccardotornesello/irsdk-go v0.0.0-20240806083958-9804d5206d8d/go.mod h1:sh7rwxF1heU05QUq6Qx1jgHh/pA5Rtiv4xdE7WP8b0E=
github.com/riccardotornesello/irsdk-go v0.0.0-20240815083937-02629e8d7f1c h1:bVMSpW3DVlAixmammi9MkIaC3NAnDSZJ8zZ8xf2J2hg=
github.com/riccardotornesello/irsdk-go v0.0.0-20240815083937-02629e8d7f1c/go.mod h1:sh7rwxF1heU05QUq6Qx1jgHh/pA5Rtiv4xdE7WP8b0E=
github.com/riccardotornesello/irsdk-go v0.0.0-20240815084603-c1bebae5285b h1:18klgxHKjCYApEHT0oH9X6NPFRhXGcTBLYfmSWGeSuU=
github.com/riccardotornesello/irsdk-go v0.0.0-20240815084603-c1bebae5285b/go.mod h1:sh7rwxF1heU05QUq6Qx1jgHh/pA5Rtiv4xdE7WP8b0E=
golang.org/x/text v0.17.0 h1:XtiM5bkSOt+ewxlOE/aE/AKEHibwj/6gvWMl9Rsh0Qc=
golang.org/x/text v0.17.0/go.mod h1:BuEKDfySbSR4drPmRPG/7iBdf8hvFMuRexcpahXilzY=
gopkg.in/check.v1 v0.0.0-20161208181325-20d25e280405 h1:yhCVgyC4o1eVCa2tZl7eS0r+SDo693bJlVdllGtEeKM=
gopkg.in/check.v1 v0.0.0-20161208181325-20d25e280405/go.mod h1:Co6ibVJAznAaIkqp8huTwlJQCZ016jof/cbN4VW5Yz0=
gopkg.in/yaml.v2 v2.4.0 h1:D8xgwECY7CYvx+Y2n4sBz93Jn9JRvxdiyyo8CTfuKaY=
gopkg.in/yaml.v2 v2.4.0/go.mod h1:RDklbk79AGWmwhnvt/jBztapEOGDOx6ZbXqjP6csGnQ=
